
Microsoft Visual Studio Solution File, Format Version 12.00
# Visual Studio Express 15 for Windows Desktop
VisualStudioVersion = 15.0.28307.421
MinimumVisualStudioVersion = 10.0.40219.1
Project("{FAE04EC0-301F-11D3-BF4B-00C04F79EFBC}") = "Aldeia.Mercosul.Planilhas", "Aldeia.Mercosul.Planilhas\Aldeia.Mercosul.Planilhas.csproj", "{FFFBF078-0426-483B-81DC-642DC61DA49A}"
EndProject
Global
	GlobalSection(SolutionConfigurationPlatforms) = preSolution
		Debug|Any CPU = Debug|Any CPU
		Release|Any CPU = Release|Any CPU
	EndGlobalSection
	GlobalSection(ProjectConfigurationPlatforms) = postSolution
		{FFFBF078-0426-483B-81DC-642DC61DA49A}.Debug|Any CPU.ActiveCfg = Debug|Any CPU
		{FFFBF078-0426-483B-81DC-642DC61DA49A}.Debug|Any CPU.Build.0 = Debug|Any CPU
		{FFFBF078-0426-483B-81DC-642DC61DA49A}.Release|Any CPU.ActiveCfg = Release|Any CPU
		{FFFBF078-0426-483B-81DC-642DC61DA49A}.Release|Any CPU.Build.0 = Release|Any CPU
	EndGlobalSection
	GlobalSection(SolutionProperties) = preSolution
		HideSolutionNode = FALSE
	EndGlobalSection
	GlobalSection(ExtensibilityGlobals) = postSolution
		SolutionGuid = {853C9230-AFA8-409A-A080-AE12426AA569}
	EndGlobalSection
EndGlobal
